
Microsoft Visual Studio Solution File, Format Version 12.00
# Visual Studio Version 17
VisualStudioVersion = 17.2.32630.192
MinimumVisualStudioVersion = 10.0.40219.1
Project("{FAE04EC0-301F-11D3-BF4B-00C04F79EFBC}") = "Mq", "Mq\Mq.csproj", "{FAA54756-0DCE-40A7-A2EB-D662C6BCD318}"
EndProject
Global
	GlobalSection(SolutionConfigurationPlatforms) = preSolution
		Debug|Any CPU = Debug|Any CPU
		Release|Any CPU = Release|Any CPU
	EndGlobalSection
	GlobalSection(ProjectConfigurationPlatforms) = postSolution
		{FAA54756-0DCE-40A7-A2EB-D662C6BCD318}.Debug|Any CPU.ActiveCfg = Debug|Any CPU
		{FAA54756-0DCE-40A7-A2EB-D662C6BCD318}.Debug|Any CPU.Build.0 = Debug|Any CPU
		{FAA54756-0DCE-40A7-A2EB-D662C6BCD318}.Release|Any CPU.ActiveCfg = Release|Any CPU
		{FAA54756-0DCE-40A7-A2EB-D662C6BCD318}.Release|Any CPU.Build.0 = Release|Any CPU
	EndGlobalSection
	GlobalSection(SolutionProperties) = preSolution
		HideSolutionNode = FALSE
	EndGlobalSection
	GlobalSection(ExtensibilityGlobals) = postSolution
		SolutionGuid = {C0DD232B-2A2A-4838-8C03-427404F97A8A}
	EndGlobalSection
EndGlobal
